# This file is automatically @generated by Cargo.
# It is not intended for manual editing.
version = 4

[[package]]
name = "usbradioplus-asl3"
version = "0.1.0-alpha18"

[[package]]
name = "usbradioplus-asterisk"
version = "0.1.0-alpha18"
dependencies = [
 "usbradioplus-asl3",
 "usbradioplus-audio",
 "usbradioplus-core",
 "usbradioplus-driver",
 "usbradioplus-ffmpeg",
 "usbradioplus-gpio",
 "usbradioplus-radio",
 "usbradioplus-ring",
 "usbradioplus-rnnoise",
 "usbradioplus-samplerate",
 "usbradioplus-station",
]

[[package]]
name = "usbradioplus-audio"
version = "0.1.0-alpha18"

[[package]]
name = "usbradioplus-core"
version = "0.1.0-alpha18"

[[package]]
name = "usbradioplus-driver"
version = "0.1.0-alpha18"
dependencies = [
 "usbradioplus-asl3",
 "usbradioplus-audio",
 "usbradioplus-core",
 "usbradioplus-ffmpeg",
 "usbradioplus-gpio",
 "usbradioplus-radio",
 "usbradioplus-ring",
 "usbradioplus-rnnoise",
 "usbradioplus-runtime",
 "usbradioplus-samplerate",
 "usbradioplus-station",
]

[[package]]
name = "usbradioplus-ffmpeg"
version = "0.1.0-alpha18"

[[package]]
name = "usbradioplus-gpio"
version = "0.1.0-alpha18"

[[package]]
name = "usbradioplus-radio"
version = "0.1.0-alpha18"

[[package]]
name = "usbradioplus-ring"
version = "0.1.0-alpha18"

[[package]]
name = "usbradioplus-rnnoise"
version = "0.1.0-alpha18"

[[package]]
name = "usbradioplus-runtime"
version = "0.1.0-alpha18"
dependencies = [
 "usbradioplus-core",
 "usbradioplus-ffmpeg",
 "usbradioplus-radio",
 "usbradioplus-rnnoise",
]

[[package]]
name = "usbradioplus-samplerate"
version = "0.1.0-alpha18"

[[package]]
name = "usbradioplus-station"
version = "0.1.0-alpha18"
dependencies = [
 "usbradioplus-asl3",
 "usbradioplus-audio",
 "usbradioplus-core",
 "usbradioplus-ffmpeg",
 "usbradioplus-gpio",
 "usbradioplus-radio",
 "usbradioplus-ring",
 "usbradioplus-rnnoise",
 "usbradioplus-runtime",
]

[[package]]
name = "usbradioplus-tune"
version = "0.1.0-alpha18"
dependencies = [
 "usbradioplus-core",
]

[[package]]
name = "usbradioplus_agc"
version = "0.1.0-alpha18"
